
Microsoft Visual Studio Solution File, Format Version 11.00
# Visual Studio 2010
Project("{FAE04EC0-301F-11D3-BF4B-00C04F79EFBC}") = "Assembly-CSharp", "Assembly-CSharp.csproj", "{D67675CF-D682-0E04-60E5-D07367F01E1D}"
EndProject
Global
	GlobalSection(SolutionConfigurationPlatforms) = preSolution
		Debug|Any CPU = Debug|Any CPU
		Release|Any CPU = Release|Any CPU
	EndGlobalSection
	GlobalSection(ProjectConfigurationPlatforms) = postSolution
		{D67675CF-D682-0E04-60E5-D07367F01E1D}.Debug|Any CPU.ActiveCfg = Debug|Any CPU
		{D67675CF-D682-0E04-60E5-D07367F01E1D}.Debug|Any CPU.Build.0 = Debug|Any CPU
		{D67675CF-D682-0E04-60E5-D07367F01E1D}.Release|Any CPU.ActiveCfg = Release|Any CPU
		{D67675CF-D682-0E04-60E5-D07367F01E1D}.Release|Any CPU.Build.0 = Release|Any CPU
	EndGlobalSection
	GlobalSection(SolutionProperties) = preSolution
		HideSolutionNode = FALSE
	EndGlobalSection
EndGlobal
